
Microsoft Visual Studio Solution File, Format Version 12.00
# Visual Studio Version 16
VisualStudioVersion = 16.0.28803.352
MinimumVisualStudioVersion = 10.0.40219.1
Project("{9A19103F-16F7-4668-BE54-9A1E7A4F7556}") = "SpotThePattern1.FilteringCollections", "SpotThePattern1.FilteringCollections\SpotThePattern1.FilteringCollections.csproj", "{14F25368-3046-463E-A603-5DEFE3766844}"
EndProject
Project("{9A19103F-16F7-4668-BE54-9A1E7A4F7556}") = "SpotThePattern2.FindingOneItem", "SpotThePattern2.FindingOneItem\SpotThePattern2.FindingOneItem.csproj", "{88024319-B369-44FA-BD85-AB47FE7BA2CE}"
EndProject
Project("{9A19103F-16F7-4668-BE54-9A1E7A4F7556}") = "SpotThePattern3.TrueForEverything", "SpotThePattern3.TrueForEverything\SpotThePattern3.TrueForEverything.csproj", "{29E7846C-24B7-4970-B609-7D20E5A7E557}"
EndProject
Project("{9A19103F-16F7-4668-BE54-9A1E7A4F7556}") = "SpotThePattern4.TransformingObjects", "SpotThePattern4.TransformingObjects\SpotThePattern4.TransformingObjects.csproj", "{FEA72C4D-7097-48B2-80E2-7C0B64A6FB6F}"
EndProject
Project("{9A19103F-16F7-4668-BE54-9A1E7A4F7556}") = "SpotThePattern5.HowManyLikeThis", "SpotThePattern5.HowManyLikeThis\SpotThePattern5.HowManyLikeThis.csproj", "{E864E84B-3C44-44EC-9BD8-A22EC7FC2447}"
EndProject
Project("{9A19103F-16F7-4668-BE54-9A1E7A4F7556}") = "SpotThePattern6.GroupingThings", "SpotThePattern6.GroupingThings\SpotThePattern6.GroupingThings.csproj", "{00F7FACD-0383-4DAE-A053-3EF2DA52C50D}"
EndProject
Project("{9A19103F-16F7-4668-BE54-9A1E7A4F7556}") = "LinqChallenge1.MotorsportScores", "LinqChallenge1.MotorsportScores\LinqChallenge1.MotorsportScores.csproj", "{E467730E-E35F-4408-BF80-D173D3B97261}"
EndProject
Project("{9A19103F-16F7-4668-BE54-9A1E7A4F7556}") = "LinqChallenge2.AlbumDuration", "LinqChallenge2.AlbumDuration\LinqChallenge2.AlbumDuration.csproj", "{23C90A0B-E216-4EEB-87BD-E8078C49F448}"
EndProject
Project("{9A19103F-16F7-4668-BE54-9A1E7A4F7556}") = "LinqChallenge3.RangeExpansion", "LinqChallenge3.RangeExpansion\LinqChallenge3.RangeExpansion.csproj", "{54113B9E-2447-42CA-8556-B98AE079653C}"
EndProject
Project("{9A19103F-16F7-4668-BE54-9A1E7A4F7556}") = "LinqChallenge4.SortByAge", "LinqChallenge4.SortByAge\LinqChallenge4.SortByAge.csproj", "{1B621BD9-E811-4BAF-9E3A-2CBA16D5F525}"
EndProject
Project("{9A19103F-16F7-4668-BE54-9A1E7A4F7556}") = "LinqChallenge5.BishopMoves", "LinqChallenge5.BishopMoves\LinqChallenge5.BishopMoves.csproj", "{633382B8-EE3B-41E5-A530-EDCD477285E3}"
EndProject
Project("{FAE04EC0-301F-11D3-BF4B-00C04F79EFBC}") = "LinqChallenge6.LongestBook", "LinqChallenge6.LongestBook\LinqChallenge6.LongestBook.csproj", "{A0C94371-0F0B-4560-8C91-C14F36461B44}"
EndProject
Project("{FAE04EC0-301F-11D3-BF4B-00C04F79EFBC}") = "LinqChallenge7.CountingPets", "LinqChallenge7.CountingPets\LinqChallenge7.CountingPets.csproj", "{E6C6A8F6-34BD-464E-A0BC-485630406BE8}"
EndProject
Global
	GlobalSection(SolutionConfigurationPlatforms) = preSolution
		Debug|Any CPU = Debug|Any CPU
		Release|Any CPU = Release|Any CPU
	EndGlobalSection
	GlobalSection(ProjectConfigurationPlatforms) = postSolution
		{14F25368-3046-463E-A603-5DEFE3766844}.Debug|Any CPU.ActiveCfg = Debug|Any CPU
		{14F25368-3046-463E-A603-5DEFE3766844}.Debug|Any CPU.Build.0 = Debug|Any CPU
		{14F25368-3046-463E-A603-5DEFE3766844}.Release|Any CPU.ActiveCfg = Release|Any CPU
		{14F25368-3046-463E-A603-5DEFE3766844}.Release|Any CPU.Build.0 = Release|Any CPU
		{88024319-B369-44FA-BD85-AB47FE7BA2CE}.Debug|Any CPU.ActiveCfg = Debug|Any CPU
		{88024319-B369-44FA-BD85-AB47FE7BA2CE}.Debug|Any CPU.Build.0 = Debug|Any CPU
		{88024319-B369-44FA-BD85-AB47FE7BA2CE}.Release|Any CPU.ActiveCfg = Release|Any CPU
		{88024319-B369-44FA-BD85-AB47FE7BA2CE}.Release|Any CPU.Build.0 = Release|Any CPU
		{29E7846C-24B7-4970-B609-7D20E5A7E557}.Debug|Any CPU.ActiveCfg = Debug|Any CPU
		{29E7846C-24B7-4970-B609-7D20E5A7E557}.Debug|Any CPU.Build.0 = Debug|Any CPU
		{29E7846C-24B7-4970-B609-7D20E5A7E557}.Release|Any CPU.ActiveCfg = Release|Any CPU
		{29E7846C-24B7-4970-B609-7D20E5A7E557}.Release|Any CPU.Build.0 = Release|Any CPU
		{FEA72C4D-7097-48B2-80E2-7C0B64A6FB6F}.Debug|Any CPU.ActiveCfg = Debug|Any CPU
		{FEA72C4D-7097-48B2-80E2-7C0B64A6FB6F}.Debug|Any CPU.Build.0 = Debug|Any CPU
		{FEA72C4D-7097-48B2-80E2-7C0B64A6FB6F}.Release|Any CPU.ActiveCfg = Release|Any CPU
		{FEA72C4D-7097-48B2-80E2-7C0B64A6FB6F}.Release|Any CPU.Build.0 = Release|Any CPU
		{E864E84B-3C44-44EC-9BD8-A22EC7FC2447}.Debug|Any CPU.ActiveCfg = Debug|Any CPU
		{E864E84B-3C44-44EC-9BD8-A22EC7FC2447}.Debug|Any CPU.Build.0 = Debug|Any CPU
		{E864E84B-3C44-44EC-9BD8-A22EC7FC2447}.Release|Any CPU.ActiveCfg = Release|Any CPU
		{E864E84B-3C44-44EC-9BD8-A22EC7FC2447}.Release|Any CPU.Build.0 = Release|Any CPU
		{00F7FACD-0383-4DAE-A053-3EF2DA52C50D}.Debug|Any CPU.ActiveCfg = Debug|Any CPU
		{00F7FACD-0383-4DAE-A053-3EF2DA52C50D}.Debug|Any CPU.Build.0 = Debug|Any CPU
		{00F7FACD-0383-4DAE-A053-3EF2DA52C50D}.Release|Any CPU.ActiveCfg = Release|Any CPU
		{00F7FACD-0383-4DAE-A053-3EF2DA52C50D}.Release|Any CPU.Build.0 = Release|Any CPU
		{E467730E-E35F-4408-BF80-D173D3B97261}.Debug|Any CPU.ActiveCfg = Debug|Any CPU
		{E467730E-E35F-4408-BF80-D173D3B97261}.Debug|Any CPU.Build.0 = Debug|Any CPU
		{E467730E-E35F-4408-BF80-D173D3B97261}.Release|Any CPU.ActiveCfg = Release|Any CPU
		{E467730E-E35F-4408-BF80-D173D3B97261}.Release|Any CPU.Build.0 = Release|Any CPU
		{23C90A0B-E216-4EEB-87BD-E8078C49F448}.Debug|Any CPU.ActiveCfg = Debug|Any CPU
		{23C90A0B-E216-4EEB-87BD-E8078C49F448}.Debug|Any CPU.Build.0 = Debug|Any CPU
		{23C90A0B-E216-4EEB-87BD-E8078C49F448}.Release|Any CPU.ActiveCfg = Release|Any CPU
		{23C90A0B-E216-4EEB-87BD-E8078C49F448}.Release|Any CPU.Build.0 = Release|Any CPU
		{54113B9E-2447-42CA-8556-B98AE079653C}.Debug|Any CPU.ActiveCfg = Debug|Any CPU
		{54113B9E-2447-42CA-8556-B98AE079653C}.Debug|Any CPU.Build.0 = Debug|Any CPU
		{54113B9E-2447-42CA-8556-B98AE079653C}.Release|Any CPU.ActiveCfg = Release|Any CPU
		{54113B9E-2447-42CA-8556-B98AE079653C}.Release|Any CPU.Build.0 = Release|Any CPU
		{1B621BD9-E811-4BAF-9E3A-2CBA16D5F525}.Debug|Any CPU.ActiveCfg = Debug|Any CPU
		{1B621BD9-E811-4BAF-9E3A-2CBA16D5F525}.Debug|Any CPU.Build.0 = Debug|Any CPU
		{1B621BD9-E811-4BAF-9E3A-2CBA16D5F525}.Release|Any CPU.ActiveCfg = Release|Any CPU
		{1B621BD9-E811-4BAF-9E3A-2CBA16D5F525}.Release|Any CPU.Build.0 = Release|Any CPU
		{633382B8-EE3B-41E5-A530-EDCD477285E3}.Debug|Any CPU.ActiveCfg = Debug|Any CPU
		{633382B8-EE3B-41E5-A530-EDCD477285E3}.Debug|Any CPU.Build.0 = Debug|Any CPU
		{633382B8-EE3B-41E5-A530-EDCD477285E3}.Release|Any CPU.ActiveCfg = Release|Any CPU
		{633382B8-EE3B-41E5-A530-EDCD477285E3}.Release|Any CPU.Build.0 = Release|Any CPU
		{A0C94371-0F0B-4560-8C91-C14F36461B44}.Debug|Any CPU.ActiveCfg = Debug|Any CPU
		{A0C94371-0F0B-4560-8C91-C14F36461B44}.Debug|Any CPU.Build.0 = Debug|Any CPU
		{A0C94371-0F0B-4560-8C91-C14F36461B44}.Release|Any CPU.ActiveCfg = Release|Any CPU
		{A0C94371-0F0B-4560-8C91-C14F36461B44}.Release|Any CPU.Build.0 = Release|Any CPU
		{E6C6A8F6-34BD-464E-A0BC-485630406BE8}.Debug|Any CPU.ActiveCfg = Debug|Any CPU
		{E6C6A8F6-34BD-464E-A0BC-485630406BE8}.Debug|Any CPU.Build.0 = Debug|Any CPU
		{E6C6A8F6-34BD-464E-A0BC-485630406BE8}.Release|Any CPU.ActiveCfg = Release|Any CPU
		{E6C6A8F6-34BD-464E-A0BC-485630406BE8}.Release|Any CPU.Build.0 = Release|Any CPU
	EndGlobalSection
	GlobalSection(SolutionProperties) = preSolution
		HideSolutionNode = FALSE
	EndGlobalSection
	GlobalSection(ExtensibilityGlobals) = postSolution
		SolutionGuid = {A0850513-9289-4EB4-8D8F-D037C6BDD4FD}
	EndGlobalSection
EndGlobal
